
Microsoft Visual Studio Solution File, Format Version 12.00
# Visual Studio Version 17
VisualStudioVersion = 17.12.35527.113 d17.12
MinimumVisualStudioVersion = 10.0.40219.1
Project("{D2ABAB84-BF74-430A-B69E-9DC6D40DDA17}") = "ProjetMdx", "ProjetMdx\ProjetMdx.dwproj", "{A6C28BDA-7349-45DB-8027-769EA5E30494}"
EndProject
Global
	GlobalSection(SolutionConfigurationPlatforms) = preSolution
		Development|Default = Development|Default
	EndGlobalSection
	GlobalSection(ProjectConfigurationPlatforms) = postSolution
		{A6C28BDA-7349-45DB-8027-769EA5E30494}.Development|Default.ActiveCfg = Development
		{A6C28BDA-7349-45DB-8027-769EA5E30494}.Development|Default.Build.0 = Development
		{A6C28BDA-7349-45DB-8027-769EA5E30494}.Development|Default.Deploy.0 = Development
	EndGlobalSection
	GlobalSection(SolutionProperties) = preSolution
		HideSolutionNode = FALSE
	EndGlobalSection
EndGlobal
